
Microsoft Visual Studio Solution File, Format Version 12.00
# Visual Studio 2015
Project("{FAE04EC0-301F-11D3-BF4B-00C04F79EFBC}") = "Hustle.Plugins", "Hustle.Plugins.csproj", "{E317B2C2-07F4-E3F5-E68F-F48B6EFC9130}"
EndProject
Project("{FAE04EC0-301F-11D3-BF4B-00C04F79EFBC}") = "Hustle", "Hustle.csproj", "{E71D9599-657D-A3DD-1682-4FFB6DE53500}"
EndProject
Project("{FAE04EC0-301F-11D3-BF4B-00C04F79EFBC}") = "Hustle.Editor.Plugins", "Hustle.Editor.Plugins.csproj", "{34A3469F-A7F3-ABC6-1D3D-B7E7339A9085}"
EndProject
Project("{FAE04EC0-301F-11D3-BF4B-00C04F79EFBC}") = "Hustle.Editor", "Hustle.Editor.csproj", "{30309ADD-3F65-A9BE-1E8D-717F6C548A68}"
EndProject
Global
	GlobalSection(SolutionConfigurationPlatforms) = preSolution
		Debug|Any CPU = Debug|Any CPU
		Release|Any CPU = Release|Any CPU
	EndGlobalSection
	GlobalSection(ProjectConfigurationPlatforms) = postSolution
		{E317B2C2-07F4-E3F5-E68F-F48B6EFC9130}.Debug|Any CPU.ActiveCfg = Debug|Any CPU
		{E317B2C2-07F4-E3F5-E68F-F48B6EFC9130}.Debug|Any CPU.Build.0 = Debug|Any CPU
		{E317B2C2-07F4-E3F5-E68F-F48B6EFC9130}.Release|Any CPU.ActiveCfg = Release|Any CPU
		{E317B2C2-07F4-E3F5-E68F-F48B6EFC9130}.Release|Any CPU.Build.0 = Release|Any CPU
		{E71D9599-657D-A3DD-1682-4FFB6DE53500}.Debug|Any CPU.ActiveCfg = Debug|Any CPU
		{E71D9599-657D-A3DD-1682-4FFB6DE53500}.Debug|Any CPU.Build.0 = Debug|Any CPU
		{E71D9599-657D-A3DD-1682-4FFB6DE53500}.Release|Any CPU.ActiveCfg = Release|Any CPU
		{E71D9599-657D-A3DD-1682-4FFB6DE53500}.Release|Any CPU.Build.0 = Release|Any CPU
		{34A3469F-A7F3-ABC6-1D3D-B7E7339A9085}.Debug|Any CPU.ActiveCfg = Debug|Any CPU
		{34A3469F-A7F3-ABC6-1D3D-B7E7339A9085}.Debug|Any CPU.Build.0 = Debug|Any CPU
		{34A3469F-A7F3-ABC6-1D3D-B7E7339A9085}.Release|Any CPU.ActiveCfg = Release|Any CPU
		{34A3469F-A7F3-ABC6-1D3D-B7E7339A9085}.Release|Any CPU.Build.0 = Release|Any CPU
		{30309ADD-3F65-A9BE-1E8D-717F6C548A68}.Debug|Any CPU.ActiveCfg = Debug|Any CPU
		{30309ADD-3F65-A9BE-1E8D-717F6C548A68}.Debug|Any CPU.Build.0 = Debug|Any CPU
		{30309ADD-3F65-A9BE-1E8D-717F6C548A68}.Release|Any CPU.ActiveCfg = Release|Any CPU
		{30309ADD-3F65-A9BE-1E8D-717F6C548A68}.Release|Any CPU.Build.0 = Release|Any CPU
	EndGlobalSection
	GlobalSection(SolutionProperties) = preSolution
		HideSolutionNode = FALSE
	EndGlobalSection
EndGlobal
